
Microsoft Visual Studio Solution File, Format Version 12.00
# Visual Studio 15
VisualStudioVersion = 15.0.27428.2037
MinimumVisualStudioVersion = 10.0.40219.1
Project("{FAE04EC0-301F-11D3-BF4B-00C04F79EFBC}") = "MVC_27_Area_Kavrami", "MVC_27_Area_Kavrami\MVC_27_Area_Kavrami.csproj", "{8C8ED552-B0B4-44F1-9984-886E1AC3FF9A}"
EndProject
Global
	GlobalSection(SolutionConfigurationPlatforms) = preSolution
		Debug|Any CPU = Debug|Any CPU
		Release|Any CPU = Release|Any CPU
	EndGlobalSection
	GlobalSection(ProjectConfigurationPlatforms) = postSolution
		{8C8ED552-B0B4-44F1-9984-886E1AC3FF9A}.Debug|Any CPU.ActiveCfg = Debug|Any CPU
		{8C8ED552-B0B4-44F1-9984-886E1AC3FF9A}.Debug|Any CPU.Build.0 = Debug|Any CPU
		{8C8ED552-B0B4-44F1-9984-886E1AC3FF9A}.Release|Any CPU.ActiveCfg = Release|Any CPU
		{8C8ED552-B0B4-44F1-9984-886E1AC3FF9A}.Release|Any CPU.Build.0 = Release|Any CPU
	EndGlobalSection
	GlobalSection(SolutionProperties) = preSolution
		HideSolutionNode = FALSE
	EndGlobalSection
	GlobalSection(ExtensibilityGlobals) = postSolution
		SolutionGuid = {CDDFC159-32EF-498B-97D2-D29934B91541}
	EndGlobalSection
EndGlobal
